
Microsoft Visual Studio Solution File, Format Version 12.00
# Visual Studio Version 17
VisualStudioVersion = 17.4.33213.308
MinimumVisualStudioVersion = 10.0.40219.1
Project("{FAE04EC0-301F-11D3-BF4B-00C04F79EFBC}") = "DisplayUpdateData", "DisplayUpdateData\DisplayUpdateData.csproj", "{11ABB2C9-BA96-4DE8-AAD0-0BBEB7378D85}"
EndProject
Global
	GlobalSection(SolutionConfigurationPlatforms) = preSolution
		Debug|Any CPU = Debug|Any CPU
		Release|Any CPU = Release|Any CPU
	EndGlobalSection
	GlobalSection(ProjectConfigurationPlatforms) = postSolution
		{11ABB2C9-BA96-4DE8-AAD0-0BBEB7378D85}.Debug|Any CPU.ActiveCfg = Debug|Any CPU
		{11ABB2C9-BA96-4DE8-AAD0-0BBEB7378D85}.Debug|Any CPU.Build.0 = Debug|Any CPU
		{11ABB2C9-BA96-4DE8-AAD0-0BBEB7378D85}.Release|Any CPU.ActiveCfg = Release|Any CPU
		{11ABB2C9-BA96-4DE8-AAD0-0BBEB7378D85}.Release|Any CPU.Build.0 = Release|Any CPU
	EndGlobalSection
	GlobalSection(SolutionProperties) = preSolution
		HideSolutionNode = FALSE
	EndGlobalSection
	GlobalSection(ExtensibilityGlobals) = postSolution
		SolutionGuid = {35562A48-C27E-4A06-861D-A0CBC7372D8B}
	EndGlobalSection
EndGlobal
